
Microsoft Visual Studio Solution File, Format Version 12.00
Project("{FAE04EC0-301F-11D3-BF4B-00C04F79EFBC}") = "TestTask", "TestTask\TestTask.csproj", "{C00B46DD-4C8C-43EC-95E0-ADCA019BC428}"
EndProject
Global
	GlobalSection(SolutionConfigurationPlatforms) = preSolution
		Debug|Any CPU = Debug|Any CPU
		Release|Any CPU = Release|Any CPU
	EndGlobalSection
	GlobalSection(ProjectConfigurationPlatforms) = postSolution
		{C00B46DD-4C8C-43EC-95E0-ADCA019BC428}.Debug|Any CPU.ActiveCfg = Debug|Any CPU
		{C00B46DD-4C8C-43EC-95E0-ADCA019BC428}.Debug|Any CPU.Build.0 = Debug|Any CPU
		{C00B46DD-4C8C-43EC-95E0-ADCA019BC428}.Release|Any CPU.ActiveCfg = Release|Any CPU
		{C00B46DD-4C8C-43EC-95E0-ADCA019BC428}.Release|Any CPU.Build.0 = Release|Any CPU
	EndGlobalSection
EndGlobal
